
Microsoft Visual Studio Solution File, Format Version 12.00
# Visual Studio Version 16
VisualStudioVersion = 16.0.30225.117
MinimumVisualStudioVersion = 10.0.40219.1
Project("{F184B08F-C81C-45F6-A57F-5ABD9991F28F}") = "HalloSchleifen", "HalloSchleifen\HalloSchleifen.vbproj", "{E8898FFD-BC3B-4815-A7B0-513591C7B7DF}"
EndProject
Global
	GlobalSection(SolutionConfigurationPlatforms) = preSolution
		Debug|Any CPU = Debug|Any CPU
		Release|Any CPU = Release|Any CPU
	EndGlobalSection
	GlobalSection(ProjectConfigurationPlatforms) = postSolution
		{E8898FFD-BC3B-4815-A7B0-513591C7B7DF}.Debug|Any CPU.ActiveCfg = Debug|Any CPU
		{E8898FFD-BC3B-4815-A7B0-513591C7B7DF}.Debug|Any CPU.Build.0 = Debug|Any CPU
		{E8898FFD-BC3B-4815-A7B0-513591C7B7DF}.Release|Any CPU.ActiveCfg = Release|Any CPU
		{E8898FFD-BC3B-4815-A7B0-513591C7B7DF}.Release|Any CPU.Build.0 = Release|Any CPU
	EndGlobalSection
	GlobalSection(SolutionProperties) = preSolution
		HideSolutionNode = FALSE
	EndGlobalSection
	GlobalSection(ExtensibilityGlobals) = postSolution
		SolutionGuid = {EFE2B7F6-B436-491C-BC8F-853A1DD34817}
	EndGlobalSection
EndGlobal
